
Microsoft Visual Studio Solution File, Format Version 12.00
# Visual Studio Version 16
VisualStudioVersion = 16.0.30611.23
MinimumVisualStudioVersion = 10.0.40219.1
Project("{FAE04EC0-301F-11D3-BF4B-00C04F79EFBC}") = "MIFunction", "MIFunction\MIFunction.csproj", "{DF069391-A0CF-476E-9F56-7E4852E1F83B}"
EndProject
Global
	GlobalSection(SolutionConfigurationPlatforms) = preSolution
		Debug|Any CPU = Debug|Any CPU
		Release|Any CPU = Release|Any CPU
	EndGlobalSection
	GlobalSection(ProjectConfigurationPlatforms) = postSolution
		{DF069391-A0CF-476E-9F56-7E4852E1F83B}.Debug|Any CPU.ActiveCfg = Debug|Any CPU
		{DF069391-A0CF-476E-9F56-7E4852E1F83B}.Debug|Any CPU.Build.0 = Debug|Any CPU
		{DF069391-A0CF-476E-9F56-7E4852E1F83B}.Release|Any CPU.ActiveCfg = Release|Any CPU
		{DF069391-A0CF-476E-9F56-7E4852E1F83B}.Release|Any CPU.Build.0 = Release|Any CPU
	EndGlobalSection
	GlobalSection(SolutionProperties) = preSolution
		HideSolutionNode = FALSE
	EndGlobalSection
	GlobalSection(ExtensibilityGlobals) = postSolution
		SolutionGuid = {3905C3D2-61A4-4572-9FEE-0EF1E79A6AEC}
	EndGlobalSection
EndGlobal
